
Microsoft Visual Studio Solution File, Format Version 12.00
# Visual Studio Version 17
VisualStudioVersion = 17.6.33723.286
MinimumVisualStudioVersion = 10.0.40219.1
Project("{9A19103F-16F7-4668-BE54-9A1E7A4F7556}") = "Core", "Core\Core.csproj", "{A325E71C-D4BF-41F1-8FC2-C35A9DAF1EF5}"
EndProject
Project("{9A19103F-16F7-4668-BE54-9A1E7A4F7556}") = "Intune.MAM.NET7.Droid", "Intune.MAM.NET7.Droid\Intune.MAM.NET7.Droid.csproj", "{469C8520-77EF-48FB-91A0-DE2D7774FC14}"
EndProject
Global
	GlobalSection(SolutionConfigurationPlatforms) = preSolution
		Debug|Any CPU = Debug|Any CPU
		Release|Any CPU = Release|Any CPU
	EndGlobalSection
	GlobalSection(ProjectConfigurationPlatforms) = postSolution
		{A325E71C-D4BF-41F1-8FC2-C35A9DAF1EF5}.Debug|Any CPU.ActiveCfg = Debug|Any CPU
		{A325E71C-D4BF-41F1-8FC2-C35A9DAF1EF5}.Debug|Any CPU.Build.0 = Debug|Any CPU
		{A325E71C-D4BF-41F1-8FC2-C35A9DAF1EF5}.Release|Any CPU.ActiveCfg = Release|Any CPU
		{A325E71C-D4BF-41F1-8FC2-C35A9DAF1EF5}.Release|Any CPU.Build.0 = Release|Any CPU
		{469C8520-77EF-48FB-91A0-DE2D7774FC14}.Debug|Any CPU.ActiveCfg = Debug|Any CPU
		{469C8520-77EF-48FB-91A0-DE2D7774FC14}.Debug|Any CPU.Build.0 = Debug|Any CPU
		{469C8520-77EF-48FB-91A0-DE2D7774FC14}.Debug|Any CPU.Deploy.0 = Debug|Any CPU
		{469C8520-77EF-48FB-91A0-DE2D7774FC14}.Release|Any CPU.ActiveCfg = Release|Any CPU
		{469C8520-77EF-48FB-91A0-DE2D7774FC14}.Release|Any CPU.Build.0 = Release|Any CPU
		{469C8520-77EF-48FB-91A0-DE2D7774FC14}.Release|Any CPU.Deploy.0 = Release|Any CPU
	EndGlobalSection
	GlobalSection(SolutionProperties) = preSolution
		HideSolutionNode = FALSE
	EndGlobalSection
	GlobalSection(ExtensibilityGlobals) = postSolution
		SolutionGuid = {D312C834-9FC4-49CE-9C0B-988A4E9D1456}
	EndGlobalSection
EndGlobal
